
Microsoft Visual Studio Solution File, Format Version 12.00
# Visual Studio 2013
VisualStudioVersion = 12.0.40629.0
MinimumVisualStudioVersion = 10.0.40219.1
Project("{FAE04EC0-301F-11D3-BF4B-00C04F79EFBC}") = "DutchVACCATISGenerator", "DutchVACCATISGenerator\DutchVACCATISGenerator.csproj", "{427ADEB6-4116-42A1-8FB6-06A4A5B33879}"
EndProject
Project("{FAE04EC0-301F-11D3-BF4B-00C04F79EFBC}") = "DutchVACCATISGenerator.Test", "DutchVACCATISGenerator.Test\DutchVACCATISGenerator.Test.csproj", "{0BA28619-60A4-420E-9159-81F4A41B069C}"
EndProject
Project("{FAE04EC0-301F-11D3-BF4B-00C04F79EFBC}") = "DutchVACCATISGenerator.WPF", "DutchVACCATISGenerator.WPF\DutchVACCATISGenerator.WPF.csproj", "{90A2168F-451E-4F08-93E0-E02DE0BC990F}"
EndProject
Global
	GlobalSection(SolutionConfigurationPlatforms) = preSolution
		Debug|Any CPU = Debug|Any CPU
		Release|Any CPU = Release|Any CPU
	EndGlobalSection
	GlobalSection(ProjectConfigurationPlatforms) = postSolution
		{427ADEB6-4116-42A1-8FB6-06A4A5B33879}.Debug|Any CPU.ActiveCfg = Debug|Any CPU
		{427ADEB6-4116-42A1-8FB6-06A4A5B33879}.Debug|Any CPU.Build.0 = Debug|Any CPU
		{427ADEB6-4116-42A1-8FB6-06A4A5B33879}.Release|Any CPU.ActiveCfg = Release|Any CPU
		{427ADEB6-4116-42A1-8FB6-06A4A5B33879}.Release|Any CPU.Build.0 = Release|Any CPU
		{0BA28619-60A4-420E-9159-81F4A41B069C}.Debug|Any CPU.ActiveCfg = Debug|Any CPU
		{0BA28619-60A4-420E-9159-81F4A41B069C}.Debug|Any CPU.Build.0 = Debug|Any CPU
		{0BA28619-60A4-420E-9159-81F4A41B069C}.Release|Any CPU.ActiveCfg = Release|Any CPU
		{0BA28619-60A4-420E-9159-81F4A41B069C}.Release|Any CPU.Build.0 = Release|Any CPU
		{90A2168F-451E-4F08-93E0-E02DE0BC990F}.Debug|Any CPU.ActiveCfg = Debug|Any CPU
		{90A2168F-451E-4F08-93E0-E02DE0BC990F}.Debug|Any CPU.Build.0 = Debug|Any CPU
		{90A2168F-451E-4F08-93E0-E02DE0BC990F}.Release|Any CPU.ActiveCfg = Release|Any CPU
		{90A2168F-451E-4F08-93E0-E02DE0BC990F}.Release|Any CPU.Build.0 = Release|Any CPU
	EndGlobalSection
	GlobalSection(SolutionProperties) = preSolution
		HideSolutionNode = FALSE
	EndGlobalSection
EndGlobal
